// !$*UTF8*$!
{
	archiveVersion = 1;
	classes = {
	};
	objectVersion = 52;
	objects = {

/* Begin PBXBuildFile section */
		0B2FC8CA25E53A5A006D75EE /* MSFSafariViewController.swift in Sources */ = {isa = PBXBuildFile; fileRef = 0B2FC8C925E53A5A006D75EE /* MSFSafariViewController.swift */; };
		0B2FC8D225E89D41006D75EE /* AudioRecorderViewController.swift in Sources */ = {isa = PBXBuildFile; fileRef = 0B2FC8D125E89D41006D75EE /* AudioRecorderViewController.swift */; };
		0BC5F93B25DFF5A800AE78A5 /* LocationView.swift in Sources */ = {isa = PBXBuildFile; fileRef = 0BC5F93A25DFF5A800AE78A5 /* LocationView.swift */; };
		0BC5F93F25E149D200AE78A5 /* NSAttributedStringViewController.swift in Sources */ = {isa = PBXBuildFile; fileRef = 0BC5F93E25E149D200AE78A5 /* NSAttributedStringViewController.swift */; };
		0BC5F94325E14A6800AE78A5 /* FlexLayout in Frameworks */ = {isa = PBXBuildFile; productRef = 0BC5F94225E14A6800AE78A5 /* FlexLayout */; };
		0BC5F94725E14A9100AE78A5 /* SnapKit in Frameworks */ = {isa = PBXBuildFile; productRef = 0BC5F94625E14A9100AE78A5 /* SnapKit */; };
		0BC5F94B25E14B9C00AE78A5 /* FlexLayoutYoga in Frameworks */ = {isa = PBXBuildFile; productRef = 0BC5F94A25E14B9C00AE78A5 /* FlexLayoutYoga */; };
		0BC5F94D25E14B9F00AE78A5 /* FlexLayoutYogaKit in Frameworks */ = {isa = PBXBuildFile; productRef = 0BC5F94C25E14B9F00AE78A5 /* FlexLayoutYogaKit */; };
		0BC5F95125E1507F00AE78A5 /* FlexLayoutViewController.swift in Sources */ = {isa = PBXBuildFile; fileRef = 0BC5F95025E1507F00AE78A5 /* FlexLayoutViewController.swift */; };
		0BC5F95525E1529700AE78A5 /* PinLayout in Frameworks */ = {isa = PBXBuildFile; productRef = 0BC5F95425E1529700AE78A5 /* PinLayout */; };
		0BC5F95825E24AF600AE78A5 /* DrawShapeViewController.swift in Sources */ = {isa = PBXBuildFile; fileRef = 0BC5F95725E24AF600AE78A5 /* DrawShapeViewController.swift */; };
		0BC5F96125E2733B00AE78A5 /* Extension.swift in Sources */ = {isa = PBXBuildFile; fileRef = 0BC5F96025E2733B00AE78A5 /* Extension.swift */; };
		0BC5F96E25E27A0500AE78A5 /* SwipeNavigationController.swift in Sources */ = {isa = PBXBuildFile; fileRef = 0BC5F96D25E27A0500AE78A5 /* SwipeNavigationController.swift */; };
		0BC5F97125E2804800AE78A5 /* EditorViewController.swift in Sources */ = {isa = PBXBuildFile; fileRef = 0BC5F97025E2804800AE78A5 /* EditorViewController.swift */; };
		0BC5F97525E35C6400AE78A5 /* AuthenticationViewController.swift in Sources */ = {isa = PBXBuildFile; fileRef = 0BC5F97425E35C6400AE78A5 /* AuthenticationViewController.swift */; };
		0BF2DA7425DBB44800B0ABAA /* AppDelegate.swift in Sources */ = {isa = PBXBuildFile; fileRef = 0BF2DA7325DBB44800B0ABAA /* AppDelegate.swift */; };
		0BF2DA7625DBB44800B0ABAA /* SceneDelegate.swift in Sources */ = {isa = PBXBuildFile; fileRef = 0BF2DA7525DBB44800B0ABAA /* SceneDelegate.swift */; };
		0BF2DA7825DBB44800B0ABAA /* ViewController.swift in Sources */ = {isa = PBXBuildFile; fileRef = 0BF2DA7725DBB44800B0ABAA /* ViewController.swift */; };
		0BF2DA7B25DBB44800B0ABAA /* Main.storyboard in Resources */ = {isa = PBXBuildFile; fileRef = 0BF2DA7925DBB44800B0ABAA /* Main.storyboard */; };
		0BF2DA7D25DBB44A00B0ABAA /* Assets.xcassets in Resources */ = {isa = PBXBuildFile; fileRef = 0BF2DA7C25DBB44A00B0ABAA /* Assets.xcassets */; };
		0BF2DA8025DBB44A00B0ABAA /* LaunchScreen.storyboard in Resources */ = {isa = PBXBuildFile; fileRef = 0BF2DA7E25DBB44A00B0ABAA /* LaunchScreen.storyboard */; };
		0BF2DA8B25DBB9F500B0ABAA /* Person.swift in Sources */ = {isa = PBXBuildFile; fileRef = 0BF2DA8A25DBB9F500B0ABAA /* Person.swift */; };
		0BF2DA8E25DBBD0E00B0ABAA /* TestView.swift in Sources */ = {isa = PBXBuildFile; fileRef = 0BF2DA8D25DBBD0E00B0ABAA /* TestView.swift */; };
		0BF2DA9125DBED2000B0ABAA /* StorageView.swift in Sources */ = {isa = PBXBuildFile; fileRef = 0BF2DA9025DBED2000B0ABAA /* StorageView.swift */; };
		0BF2DA9425DD2F4A00B0ABAA /* ImagePickerViewController.swift in Sources */ = {isa = PBXBuildFile; fileRef = 0BF2DA9325DD2F4A00B0ABAA /* ImagePickerViewController.swift */; };
		0BF2DA9A25DD49B500B0ABAA /* ImageViewController.swift in Sources */ = {isa = PBXBuildFile; fileRef = 0BF2DA9925DD49B500B0ABAA /* ImageViewController.swift */; };
		0BF2DA9D25DD516B00B0ABAA /* ListView.swift in Sources */ = {isa = PBXBuildFile; fileRef = 0BF2DA9C25DD516B00B0ABAA /* ListView.swift */; };
		0BF2DAA125DD553900B0ABAA /* Capital.swift in Sources */ = {isa = PBXBuildFile; fileRef = 0BF2DAA025DD553900B0ABAA /* Capital.swift */; };
		0BF2DAA425DD561700B0ABAA /* MapViewController.swift in Sources */ = {isa = PBXBuildFile; fileRef = 0BF2DAA325DD561700B0ABAA /* MapViewController.swift */; };
		0BF2DAA725DE1B3500B0ABAA /* NotificationViewController.swift in Sources */ = {isa = PBXBuildFile; fileRef = 0BF2DAA625DE1B3400B0ABAA /* NotificationViewController.swift */; };
/* End PBXBuildFile section */

/* Begin PBXCopyFilesBuildPhase section */
		0BF2DABD25DE290000B0ABAA /* Embed App Extensions */ = {
			isa = PBXCopyFilesBuildPhase;
			buildActionMask = 2147483647;
			dstPath = "";
			dstSubfolderSpec = 13;
			files = (
			);
			name = "Embed App Extensions";
			runOnlyForDeploymentPostprocessing = 0;
		};
/* End PBXCopyFilesBuildPhase section */

/* Begin PBXFileReference section */
		0B2FC8C925E53A5A006D75EE /* MSFSafariViewController.swift */ = {isa = PBXFileReference; lastKnownFileType = sourcecode.swift; path = MSFSafariViewController.swift; sourceTree = "<group>"; };
		0B2FC8D125E89D41006D75EE /* AudioRecorderViewController.swift */ = {isa = PBXFileReference; lastKnownFileType = sourcecode.swift; path = AudioRecorderViewController.swift; sourceTree = "<group>"; };
		0BC5F93A25DFF5A800AE78A5 /* LocationView.swift */ = {isa = PBXFileReference; lastKnownFileType = sourcecode.swift; path = LocationView.swift; sourceTree = "<group>"; };
		0BC5F93E25E149D200AE78A5 /* NSAttributedStringViewController.swift */ = {isa = PBXFileReference; lastKnownFileType = sourcecode.swift; path = NSAttributedStringViewController.swift; sourceTree = "<group>"; };
		0BC5F95025E1507F00AE78A5 /* FlexLayoutViewController.swift */ = {isa = PBXFileReference; lastKnownFileType = sourcecode.swift; path = FlexLayoutViewController.swift; sourceTree = "<group>"; };
		0BC5F95725E24AF600AE78A5 /* DrawShapeViewController.swift */ = {isa = PBXFileReference; lastKnownFileType = sourcecode.swift; path = DrawShapeViewController.swift; sourceTree = "<group>"; };
		0BC5F96025E2733B00AE78A5 /* Extension.swift */ = {isa = PBXFileReference; lastKnownFileType = sourcecode.swift; path = Extension.swift; sourceTree = "<group>"; };
		0BC5F96D25E27A0500AE78A5 /* SwipeNavigationController.swift */ = {isa = PBXFileReference; lastKnownFileType = sourcecode.swift; path = SwipeNavigationController.swift; sourceTree = "<group>"; };
		0BC5F97025E2804800AE78A5 /* EditorViewController.swift */ = {isa = PBXFileReference; lastKnownFileType = sourcecode.swift; path = EditorViewController.swift; sourceTree = "<group>"; };
		0BC5F97425E35C6400AE78A5 /* AuthenticationViewController.swift */ = {isa = PBXFileReference; lastKnownFileType = sourcecode.swift; path = AuthenticationViewController.swift; sourceTree = "<group>"; };
		0BF2DA7025DBB44800B0ABAA /* Project-12.app */ = {isa = PBXFileReference; explicitFileType = wrapper.application; includeInIndex = 0; path = "Project-12.app"; sourceTree = BUILT_PRODUCTS_DIR; };
		0BF2DA7325DBB44800B0ABAA /* AppDelegate.swift */ = {isa = PBXFileReference; lastKnownFileType = sourcecode.swift; path = AppDelegate.swift; sourceTree = "<group>"; };
		0BF2DA7525DBB44800B0ABAA /* SceneDelegate.swift */ = {isa = PBXFileReference; lastKnownFileType = sourcecode.swift; path = SceneDelegate.swift; sourceTree = "<group>"; };
		0BF2DA7725DBB44800B0ABAA /* ViewController.swift */ = {isa = PBXFileReference; lastKnownFileType = sourcecode.swift; path = ViewController.swift; sourceTree = "<group>"; };
		0BF2DA7A25DBB44800B0ABAA /* Base */ = {isa = PBXFileReference; lastKnownFileType = file.storyboard; name = Base; path = Base.lproj/Main.storyboard; sourceTree = "<group>"; };
		0BF2DA7C25DBB44A00B0ABAA /* Assets.xcassets */ = {isa = PBXFileReference; lastKnownFileType = folder.assetcatalog; path = Assets.xcassets; sourceTree = "<group>"; };
		0BF2DA7F25DBB44A00B0ABAA /* Base */ = {isa = PBXFileReference; lastKnownFileType = file.storyboard; name = Base; path = Base.lproj/LaunchScreen.storyboard; sourceTree = "<group>"; };
		0BF2DA8125DBB44A00B0ABAA /* Info.plist */ = {isa = PBXFileReference; lastKnownFileType = text.plist.xml; path = Info.plist; sourceTree = "<group>"; };
		0BF2DA8A25DBB9F500B0ABAA /* Person.swift */ = {isa = PBXFileReference; lastKnownFileType = sourcecode.swift; path = Person.swift; sourceTree = "<group>"; };
		0BF2DA8D25DBBD0E00B0ABAA /* TestView.swift */ = {isa = PBXFileReference; lastKnownFileType = sourcecode.swift; path = TestView.swift; sourceTree = "<group>"; };
		0BF2DA9025DBED2000B0ABAA /* StorageView.swift */ = {isa = PBXFileReference; lastKnownFileType = sourcecode.swift; path = StorageView.swift; sourceTree = "<group>"; };
		0BF2DA9325DD2F4A00B0ABAA /* ImagePickerViewController.swift */ = {isa = PBXFileReference; lastKnownFileType = sourcecode.swift; path = ImagePickerViewController.swift; sourceTree = "<group>"; };
		0BF2DA9925DD49B500B0ABAA /* ImageViewController.swift */ = {isa = PBXFileReference; lastKnownFileType = sourcecode.swift; path = ImageViewController.swift; sourceTree = "<group>"; };
		0BF2DA9C25DD516B00B0ABAA /* ListView.swift */ = {isa = PBXFileReference; lastKnownFileType = sourcecode.swift; path = ListView.swift; sourceTree = "<group>"; };
		0BF2DAA025DD553900B0ABAA /* Capital.swift */ = {isa = PBXFileReference; lastKnownFileType = sourcecode.swift; path = Capital.swift; sourceTree = "<group>"; };
		0BF2DAA325DD561700B0ABAA /* MapViewController.swift */ = {isa = PBXFileReference; lastKnownFileType = sourcecode.swift; path = MapViewController.swift; sourceTree = "<group>"; };
		0BF2DAA625DE1B3400B0ABAA /* NotificationViewController.swift */ = {isa = PBXFileReference; lastKnownFileType = sourcecode.swift; path = NotificationViewController.swift; sourceTree = "<group>"; };
/* End PBXFileReference section */

/* Begin PBXFrameworksBuildPhase section */
		0BF2DA6D25DBB44800B0ABAA /* Frameworks */ = {
			isa = PBXFrameworksBuildPhase;
			buildActionMask = 2147483647;
			files = (
				0BC5F94325E14A6800AE78A5 /* FlexLayout in Frameworks */,
				0BC5F95525E1529700AE78A5 /* PinLayout in Frameworks */,
				0BC5F94725E14A9100AE78A5 /* SnapKit in Frameworks */,
				0BC5F94D25E14B9F00AE78A5 /* FlexLayoutYogaKit in Frameworks */,
				0BC5F94B25E14B9C00AE78A5 /* FlexLayoutYoga in Frameworks */,
			);
			runOnlyForDeploymentPostprocessing = 0;
		};
/* End PBXFrameworksBuildPhase section */

/* Begin PBXGroup section */
		0BC5F94925E14B9C00AE78A5 /* Frameworks */ = {
			isa = PBXGroup;
			children = (
			);
			name = Frameworks;
			sourceTree = "<group>";
		};
		0BF2DA6725DBB44800B0ABAA = {
			isa = PBXGroup;
			children = (
				0BF2DA7225DBB44800B0ABAA /* Project-12 */,
				0BF2DA7125DBB44800B0ABAA /* Products */,
				0BC5F94925E14B9C00AE78A5 /* Frameworks */,
			);
			sourceTree = "<group>";
		};
		0BF2DA7125DBB44800B0ABAA /* Products */ = {
			isa = PBXGroup;
			children = (
				0BF2DA7025DBB44800B0ABAA /* Project-12.app */,
			);
			name = Products;
			sourceTree = "<group>";
		};
		0BF2DA7225DBB44800B0ABAA /* Project-12 */ = {
			isa = PBXGroup;
			children = (
				0BF2DA7325DBB44800B0ABAA /* AppDelegate.swift */,
				0B2FC8D125E89D41006D75EE /* AudioRecorderViewController.swift */,
				0BF2DA7C25DBB44A00B0ABAA /* Assets.xcassets */,
				0BC5F97425E35C6400AE78A5 /* AuthenticationViewController.swift */,
				0BF2DAA025DD553900B0ABAA /* Capital.swift */,
				0BC5F95725E24AF600AE78A5 /* DrawShapeViewController.swift */,
				0BC5F97025E2804800AE78A5 /* EditorViewController.swift */,
				0BC5F96D25E27A0500AE78A5 /* SwipeNavigationController.swift */,
				0B2FC8C925E53A5A006D75EE /* MSFSafariViewController.swift */,
				0BC5F96025E2733B00AE78A5 /* Extension.swift */,
				0BC5F95025E1507F00AE78A5 /* FlexLayoutViewController.swift */,
				0BF2DA9325DD2F4A00B0ABAA /* ImagePickerViewController.swift */,
				0BF2DA9925DD49B500B0ABAA /* ImageViewController.swift */,
				0BF2DA8125DBB44A00B0ABAA /* Info.plist */,
				0BF2DA7E25DBB44A00B0ABAA /* LaunchScreen.storyboard */,
				0BC5F93A25DFF5A800AE78A5 /* LocationView.swift */,
				0BF2DA9C25DD516B00B0ABAA /* ListView.swift */,
				0BF2DA7925DBB44800B0ABAA /* Main.storyboard */,
				0BF2DAA325DD561700B0ABAA /* MapViewController.swift */,
				0BF2DAA625DE1B3400B0ABAA /* NotificationViewController.swift */,
				0BC5F93E25E149D200AE78A5 /* NSAttributedStringViewController.swift */,
				0BF2DA8A25DBB9F500B0ABAA /* Person.swift */,
				0BF2DA7525DBB44800B0ABAA /* SceneDelegate.swift */,
				0BF2DA9025DBED2000B0ABAA /* StorageView.swift */,
				0BF2DA8D25DBBD0E00B0ABAA /* TestView.swift */,
				0BF2DA7725DBB44800B0ABAA /* ViewController.swift */,
			);
			path = "Project-12";
			sourceTree = "<group>";
		};
/* End PBXGroup section */

/* Begin PBXNativeTarget section */
		0BF2DA6F25DBB44800B0ABAA /* Project-12 */ = {
			isa = PBXNativeTarget;
			buildConfigurationList = 0BF2DA8425DBB44A00B0ABAA /* Build configuration list for PBXNativeTarget "Project-12" */;
			buildPhases = (
				0BF2DA6C25DBB44800B0ABAA /* Sources */,
				0BF2DA6D25DBB44800B0ABAA /* Frameworks */,
				0BF2DA6E25DBB44800B0ABAA /* Resources */,
				0BF2DABD25DE290000B0ABAA /* Embed App Extensions */,
			);
			buildRules = (
			);
			dependencies = (
			);
			name = "Project-12";
			packageProductDependencies = (
				0BC5F94225E14A6800AE78A5 /* FlexLayout */,
				0BC5F94625E14A9100AE78A5 /* SnapKit */,
				0BC5F94A25E14B9C00AE78A5 /* FlexLayoutYoga */,
				0BC5F94C25E14B9F00AE78A5 /* FlexLayoutYogaKit */,
				0BC5F95425E1529700AE78A5 /* PinLayout */,
			);
			productName = "Project-12";
			productReference = 0BF2DA7025DBB44800B0ABAA /* Project-12.app */;
			productType = "com.apple.product-type.application";
		};
/* End PBXNativeTarget section */

/* Begin PBXProject section */
		0BF2DA6825DBB44800B0ABAA /* Project object */ = {
			isa = PBXProject;
			attributes = {
				LastSwiftUpdateCheck = 1240;
				LastUpgradeCheck = 1240;
				TargetAttributes = {
					0BF2DA6F25DBB44800B0ABAA = {
						CreatedOnToolsVersion = 12.4;
					};
				};
			};
			buildConfigurationList = 0BF2DA6B25DBB44800B0ABAA /* Build configuration list for PBXProject "Project-12" */;
			compatibilityVersion = "Xcode 9.3";
			developmentRegion = en;
			hasScannedForEncodings = 0;
			knownRegions = (
				en,
				Base,
			);
			mainGroup = 0BF2DA6725DBB44800B0ABAA;
			packageReferences = (
				0BC5F94125E14A6800AE78A5 /* XCRemoteSwiftPackageReference "FlexLayout" */,
				0BC5F94525E14A9100AE78A5 /* XCRemoteSwiftPackageReference "SnapKit" */,
				0BC5F95325E1529700AE78A5 /* XCRemoteSwiftPackageReference "PinLayout" */,
			);
			productRefGroup = 0BF2DA7125DBB44800B0ABAA /* Products */;
			projectDirPath = "";
			projectRoot = "";
			targets = (
				0BF2DA6F25DBB44800B0ABAA /* Project-12 */,
			);
		};
/* End PBXProject section */

/* Begin PBXResourcesBuildPhase section */
		0BF2DA6E25DBB44800B0ABAA /* Resources */ = {
			isa = PBXResourcesBuildPhase;
			buildActionMask = 2147483647;
			files = (
				0BF2DA8025DBB44A00B0ABAA /* LaunchScreen.storyboard in Resources */,
				0BF2DA7D25DBB44A00B0ABAA /* Assets.xcassets in Resources */,
				0BF2DA7B25DBB44800B0ABAA /* Main.storyboard in Resources */,
			);
			runOnlyForDeploymentPostprocessing = 0;
		};
/* End PBXResourcesBuildPhase section */

/* Begin PBXSourcesBuildPhase section */
		0BF2DA6C25DBB44800B0ABAA /* Sources */ = {
			isa = PBXSourcesBuildPhase;
			buildActionMask = 2147483647;
			files = (
				0BC5F93B25DFF5A800AE78A5 /* LocationView.swift in Sources */,
				0BF2DAA425DD561700B0ABAA /* MapViewController.swift in Sources */,
				0BC5F93F25E149D200AE78A5 /* NSAttributedStringViewController.swift in Sources */,
				0BF2DA9125DBED2000B0ABAA /* StorageView.swift in Sources */,
				0BC5F95125E1507F00AE78A5 /* FlexLayoutViewController.swift in Sources */,
				0BF2DA7825DBB44800B0ABAA /* ViewController.swift in Sources */,
				0BC5F96E25E27A0500AE78A5 /* SwipeNavigationController.swift in Sources */,
				0BC5F95825E24AF600AE78A5 /* DrawShapeViewController.swift in Sources */,
				0BC5F97125E2804800AE78A5 /* EditorViewController.swift in Sources */,
				0BF2DA9425DD2F4A00B0ABAA /* ImagePickerViewController.swift in Sources */,
				0BF2DA7425DBB44800B0ABAA /* AppDelegate.swift in Sources */,
				0B2FC8D225E89D41006D75EE /* AudioRecorderViewController.swift in Sources */,
				0BC5F96125E2733B00AE78A5 /* Extension.swift in Sources */,
				0BC5F97525E35C6400AE78A5 /* AuthenticationViewController.swift in Sources */,
				0BF2DAA125DD553900B0ABAA /* Capital.swift in Sources */,
				0BF2DAA725DE1B3500B0ABAA /* NotificationViewController.swift in Sources */,
				0BF2DA8B25DBB9F500B0ABAA /* Person.swift in Sources */,
				0BF2DA8E25DBBD0E00B0ABAA /* TestView.swift in Sources */,
				0B2FC8CA25E53A5A006D75EE /* MSFSafariViewController.swift in Sources */,
				0BF2DA9A25DD49B500B0ABAA /* ImageViewController.swift in Sources */,
				0BF2DA7625DBB44800B0ABAA /* SceneDelegate.swift in Sources */,
				0BF2DA9D25DD516B00B0ABAA /* ListView.swift in Sources */,
			);
			runOnlyForDeploymentPostprocessing = 0;
		};
/* End PBXSourcesBuildPhase section */

/* Begin PBXVariantGroup section */
		0BF2DA7925DBB44800B0ABAA /* Main.storyboard */ = {
			isa = PBXVariantGroup;
			children = (
				0BF2DA7A25DBB44800B0ABAA /* Base */,
			);
			name = Main.storyboard;
			sourceTree = "<group>";
		};
		0BF2DA7E25DBB44A00B0ABAA /* LaunchScreen.storyboard */ = {
			isa = PBXVariantGroup;
			children = (
				0BF2DA7F25DBB44A00B0ABAA /* Base */,
			);
			name = LaunchScreen.storyboard;
			sourceTree = "<group>";
		};
/* End PBXVariantGroup section */

/* Begin XCBuildConfiguration section */
		0BF2DA8225DBB44A00B0ABAA /* Debug */ = {
			isa = XCBuildConfiguration;
			buildSettings = {
				ALWAYS_SEARCH_USER_PATHS = NO;
				CLANG_ANALYZER_NONNULL = YES;
				CLANG_ANALYZER_NUMBER_OBJECT_CONVERSION = YES_AGGRESSIVE;
				CLANG_CXX_LANGUAGE_STANDARD = "gnu++14";
				CLANG_CXX_LIBRARY = "libc++";
				CLANG_ENABLE_MODULES = YES;
				CLANG_ENABLE_OBJC_ARC = YES;
				CLANG_ENABLE_OBJC_WEAK = YES;
				CLANG_WARN_BLOCK_CAPTURE_AUTORELEASING = YES;
				CLANG_WARN_BOOL_CONVERSION = YES;
				CLANG_WARN_COMMA = YES;
				CLANG_WARN_CONSTANT_CONVERSION = YES;
				CLANG_WARN_DEPRECATED_OBJC_IMPLEMENTATIONS = YES;
				CLANG_WARN_DIRECT_OBJC_ISA_USAGE = YES_ERROR;
				CLANG_WARN_DOCUMENTATION_COMMENTS = YES;
				CLANG_WARN_EMPTY_BODY = YES;
				CLANG_WARN_ENUM_CONVERSION = YES;
				CLANG_WARN_INFINITE_RECURSION = YES;
				CLANG_WARN_INT_CONVERSION = YES;
				CLANG_WARN_NON_LITERAL_NULL_CONVERSION = YES;
				CLANG_WARN_OBJC_IMPLICIT_RETAIN_SELF = YES;
				CLANG_WARN_OBJC_LITERAL_CONVERSION = YES;
				CLANG_WARN_OBJC_ROOT_CLASS = YES_ERROR;
				CLANG_WARN_QUOTED_INCLUDE_IN_FRAMEWORK_HEADER = YES;
				CLANG_WARN_RANGE_LOOP_ANALYSIS = YES;
				CLANG_WARN_STRICT_PROTOTYPES = YES;
				CLANG_WARN_SUSPICIOUS_MOVE = YES;
				CLANG_WARN_UNGUARDED_AVAILABILITY = YES_AGGRESSIVE;
				CLANG_WARN_UNREACHABLE_CODE = YES;
				CLANG_WARN__DUPLICATE_METHOD_MATCH = YES;
				COPY_PHASE_STRIP = NO;
				DEBUG_INFORMATION_FORMAT = dwarf;
				ENABLE_STRICT_OBJC_MSGSEND = YES;
				ENABLE_TESTABILITY = YES;
				GCC_C_LANGUAGE_STANDARD = gnu11;
				GCC_DYNAMIC_NO_PIC = NO;
				GCC_NO_COMMON_BLOCKS = YES;
				GCC_OPTIMIZATION_LEVEL = 0;
				GCC_PREPROCESSOR_DEFINITIONS = (
					"DEBUG=1",
					"$(inherited)",
				);
				GCC_WARN_64_TO_32_BIT_CONVERSION = YES;
				GCC_WARN_ABOUT_RETURN_TYPE = YES_ERROR;
				GCC_WARN_UNDECLARED_SELECTOR = YES;
				GCC_WARN_UNINITIALIZED_AUTOS = YES_AGGRESSIVE;
				GCC_WARN_UNUSED_FUNCTION = YES;
				GCC_WARN_UNUSED_VARIABLE = YES;
				IPHONEOS_DEPLOYMENT_TARGET = 14.4;
				MTL_ENABLE_DEBUG_INFO = INCLUDE_SOURCE;
				MTL_FAST_MATH = YES;
				ONLY_ACTIVE_ARCH = YES;
				SDKROOT = iphoneos;
				SWIFT_ACTIVE_COMPILATION_CONDITIONS = DEBUG;
				SWIFT_OPTIMIZATION_LEVEL = "-Onone";
			};
			name = Debug;
		};
		0BF2DA8325DBB44A00B0ABAA /* Release */ = {
			isa = XCBuildConfiguration;
			buildSettings = {
				ALWAYS_SEARCH_USER_PATHS = NO;
				CLANG_ANALYZER_NONNULL = YES;
				CLANG_ANALYZER_NUMBER_OBJECT_CONVERSION = YES_AGGRESSIVE;
				CLANG_CXX_LANGUAGE_STANDARD = "gnu++14";
				CLANG_CXX_LIBRARY = "libc++";
				CLANG_ENABLE_MODULES = YES;
				CLANG_ENABLE_OBJC_ARC = YES;
				CLANG_ENABLE_OBJC_WEAK = YES;
				CLANG_WARN_BLOCK_CAPTURE_AUTORELEASING = YES;
				CLANG_WARN_BOOL_CONVERSION = YES;
				CLANG_WARN_COMMA = YES;
				CLANG_WARN_CONSTANT_CONVERSION = YES;
				CLANG_WARN_DEPRECATED_OBJC_IMPLEMENTATIONS = YES;
				CLANG_WARN_DIRECT_OBJC_ISA_USAGE = YES_ERROR;
				CLANG_WARN_DOCUMENTATION_COMMENTS = YES;
				CLANG_WARN_EMPTY_BODY = YES;
				CLANG_WARN_ENUM_CONVERSION = YES;
				CLANG_WARN_INFINITE_RECURSION = YES;
				CLANG_WARN_INT_CONVERSION = YES;
				CLANG_WARN_NON_LITERAL_NULL_CONVERSION = YES;
				CLANG_WARN_OBJC_IMPLICIT_RETAIN_SELF = YES;
				CLANG_WARN_OBJC_LITERAL_CONVERSION = YES;
				CLANG_WARN_OBJC_ROOT_CLASS = YES_ERROR;
				CLANG_WARN_QUOTED_INCLUDE_IN_FRAMEWORK_HEADER = YES;
				CLANG_WARN_RANGE_LOOP_ANALYSIS = YES;
				CLANG_WARN_STRICT_PROTOTYPES = YES;
				CLANG_WARN_SUSPICIOUS_MOVE = YES;
				CLANG_WARN_UNGUARDED_AVAILABILITY = YES_AGGRESSIVE;
				CLANG_WARN_UNREACHABLE_CODE = YES;
				CLANG_WARN__DUPLICATE_METHOD_MATCH = YES;
				COPY_PHASE_STRIP = NO;
				DEBUG_INFORMATION_FORMAT = "dwarf-with-dsym";
				ENABLE_NS_ASSERTIONS = NO;
				ENABLE_STRICT_OBJC_MSGSEND = YES;
				GCC_C_LANGUAGE_STANDARD = gnu11;
				GCC_NO_COMMON_BLOCKS = YES;
				GCC_WARN_64_TO_32_BIT_CONVERSION = YES;
				GCC_WARN_ABOUT_RETURN_TYPE = YES_ERROR;
				GCC_WARN_UNDECLARED_SELECTOR = YES;
				GCC_WARN_UNINITIALIZED_AUTOS = YES_AGGRESSIVE;
				GCC_WARN_UNUSED_FUNCTION = YES;
				GCC_WARN_UNUSED_VARIABLE = YES;
				IPHONEOS_DEPLOYMENT_TARGET = 14.4;
				MTL_ENABLE_DEBUG_INFO = NO;
				MTL_FAST_MATH = YES;
				SDKROOT = iphoneos;
				SWIFT_COMPILATION_MODE = wholemodule;
				SWIFT_OPTIMIZATION_LEVEL = "-O";
				VALIDATE_PRODUCT = YES;
			};
			name = Release;
		};
		0BF2DA8525DBB44A00B0ABAA /* Debug */ = {
			isa = XCBuildConfiguration;
			buildSettings = {
				ALWAYS_EMBED_SWIFT_STANDARD_LIBRARIES = YES;
				ASSETCATALOG_COMPILER_APPICON_NAME = AppIcon;
				ASSETCATALOG_COMPILER_GLOBAL_ACCENT_COLOR_NAME = AccentColor;
				CODE_SIGN_STYLE = Automatic;
				DEVELOPMENT_TEAM = 7VYQTBFBS5;
				GCC_PREPROCESSOR_DEFINITIONS = (
					"DEBUG=1",
					"$(inherited)",
					"FLEXLAYOUT_SWIFT_PACKAGE=1",
				);
				INFOPLIST_FILE = "Project-12/Info.plist";
				LD_RUNPATH_SEARCH_PATHS = (
					"$(inherited)",
					"@executable_path/Frameworks",
				);
				PRODUCT_BUNDLE_IDENTIFIER = "ren.innei.Project-12";
				PRODUCT_NAME = "$(TARGET_NAME)";
				SWIFT_VERSION = 5.0;
				TARGETED_DEVICE_FAMILY = "1,2";
			};
			name = Debug;
		};
		0BF2DA8625DBB44A00B0ABAA /* Release */ = {
			isa = XCBuildConfiguration;
			buildSettings = {
				ALWAYS_EMBED_SWIFT_STANDARD_LIBRARIES = YES;
				ASSETCATALOG_COMPILER_APPICON_NAME = AppIcon;
				ASSETCATALOG_COMPILER_GLOBAL_ACCENT_COLOR_NAME = AccentColor;
				CODE_SIGN_STYLE = Automatic;
				DEVELOPMENT_TEAM = 7VYQTBFBS5;
				INFOPLIST_FILE = "Project-12/Info.plist";
				LD_RUNPATH_SEARCH_PATHS = (
					"$(inherited)",
					"@executable_path/Frameworks",
				);
				PRODUCT_BUNDLE_IDENTIFIER = "ren.innei.Project-12";
				PRODUCT_NAME = "$(TARGET_NAME)";
				SWIFT_VERSION = 5.0;
				TARGETED_DEVICE_FAMILY = "1,2";
			};
			name = Release;
		};
/* End XCBuildConfiguration section */

/* Begin XCConfigurationList section */
		0BF2DA6B25DBB44800B0ABAA /* Build configuration list for PBXProject "Project-12" */ = {
			isa = XCConfigurationList;
			buildConfigurations = (
				0BF2DA8225DBB44A00B0ABAA /* Debug */,
				0BF2DA8325DBB44A00B0ABAA /* Release */,
			);
			defaultConfigurationIsVisible = 0;
			defaultConfigurationName = Release;
		};
		0BF2DA8425DBB44A00B0ABAA /* Build configuration list for PBXNativeTarget "Project-12" */ = {
			isa = XCConfigurationList;
			buildConfigurations = (
				0BF2DA8525DBB44A00B0ABAA /* Debug */,
				0BF2DA8625DBB44A00B0ABAA /* Release */,
			);
			defaultConfigurationIsVisible = 0;
			defaultConfigurationName = Release;
		};
/* End XCConfigurationList section */

/* Begin XCRemoteSwiftPackageReference section */
		0BC5F94125E14A6800AE78A5 /* XCRemoteSwiftPackageReference "FlexLayout" */ = {
			isa = XCRemoteSwiftPackageReference;
			repositoryURL = "https://github.com/layoutBox/FlexLayout";
			requirement = {
				kind = upToNextMajorVersion;
				minimumVersion = 1.3.20;
			};
		};
		0BC5F94525E14A9100AE78A5 /* XCRemoteSwiftPackageReference "SnapKit" */ = {
			isa = XCRemoteSwiftPackageReference;
			repositoryURL = "https://github.com/SnapKit/SnapKit";
			requirement = {
				kind = upToNextMajorVersion;
				minimumVersion = 5.0.1;
			};
		};
		0BC5F95325E1529700AE78A5 /* XCRemoteSwiftPackageReference "PinLayout" */ = {
			isa = XCRemoteSwiftPackageReference;
			repositoryURL = "https://github.com/layoutBox/PinLayout";
			requirement = {
				kind = upToNextMajorVersion;
				minimumVersion = 1.9.3;
			};
		};
/* End XCRemoteSwiftPackageReference section */

/* Begin XCSwiftPackageProductDependency section */
		0BC5F94225E14A6800AE78A5 /* FlexLayout */ = {
			isa = XCSwiftPackageProductDependency;
			package = 0BC5F94125E14A6800AE78A5 /* XCRemoteSwiftPackageReference "FlexLayout" */;
			productName = FlexLayout;
		};
		0BC5F94625E14A9100AE78A5 /* SnapKit */ = {
			isa = XCSwiftPackageProductDependency;
			package = 0BC5F94525E14A9100AE78A5 /* XCRemoteSwiftPackageReference "SnapKit" */;
			productName = SnapKit;
		};
		0BC5F94A25E14B9C00AE78A5 /* FlexLayoutYoga */ = {
			isa = XCSwiftPackageProductDependency;
			package = 0BC5F94125E14A6800AE78A5 /* XCRemoteSwiftPackageReference "FlexLayout" */;
			productName = FlexLayoutYoga;
		};
		0BC5F94C25E14B9F00AE78A5 /* FlexLayoutYogaKit */ = {
			isa = XCSwiftPackageProductDependency;
			package = 0BC5F94125E14A6800AE78A5 /* XCRemoteSwiftPackageReference "FlexLayout" */;
			productName = FlexLayoutYogaKit;
		};
		0BC5F95425E1529700AE78A5 /* PinLayout */ = {
			isa = XCSwiftPackageProductDependency;
			package = 0BC5F95325E1529700AE78A5 /* XCRemoteSwiftPackageReference "PinLayout" */;
			productName = PinLayout;
		};
/* End XCSwiftPackageProductDependency section */
	};
	rootObject = 0BF2DA6825DBB44800B0ABAA /* Project object */;
}
